
Microsoft Visual Studio Solution File, Format Version 12.00
# Visual Studio Version 17
VisualStudioVersion = 17.0.31903.59
MinimumVisualStudioVersion = 10.0.40219.1
Project("{FAE04EC0-301F-11D3-BF4B-00C04F79EFBC}") = "UsersApi.API", "UsersApi.API\UsersApi.API.csproj", "{D872432C-BC54-436E-B37E-391A913A0998}"
EndProject
Project("{FAE04EC0-301F-11D3-BF4B-00C04F79EFBC}") = "UsersApi.UnitTests", "UsersApi.UnitTests\UsersApi.UnitTests.csproj", "{08330047-96C3-47AF-9199-A8E9DA47565B}"
EndProject
Global
	GlobalSection(SolutionConfigurationPlatforms) = preSolution
		Debug|Any CPU = Debug|Any CPU
		Release|Any CPU = Release|Any CPU
	EndGlobalSection
	GlobalSection(SolutionProperties) = preSolution
		HideSolutionNode = FALSE
	EndGlobalSection
	GlobalSection(ProjectConfigurationPlatforms) = postSolution
		{D872432C-BC54-436E-B37E-391A913A0998}.Debug|Any CPU.ActiveCfg = Debug|Any CPU
		{D872432C-BC54-436E-B37E-391A913A0998}.Debug|Any CPU.Build.0 = Debug|Any CPU
		{D872432C-BC54-436E-B37E-391A913A0998}.Release|Any CPU.ActiveCfg = Release|Any CPU
		{D872432C-BC54-436E-B37E-391A913A0998}.Release|Any CPU.Build.0 = Release|Any CPU
		{08330047-96C3-47AF-9199-A8E9DA47565B}.Debug|Any CPU.ActiveCfg = Debug|Any CPU
		{08330047-96C3-47AF-9199-A8E9DA47565B}.Debug|Any CPU.Build.0 = Debug|Any CPU
		{08330047-96C3-47AF-9199-A8E9DA47565B}.Release|Any CPU.ActiveCfg = Release|Any CPU
		{08330047-96C3-47AF-9199-A8E9DA47565B}.Release|Any CPU.Build.0 = Release|Any CPU
	EndGlobalSection
EndGlobal
